
Microsoft Visual Studio Solution File, Format Version 12.00
# Visual Studio Version 17
VisualStudioVersion = 17.6.33723.286
MinimumVisualStudioVersion = 10.0.40219.1
Project("{FAE04EC0-301F-11D3-BF4B-00C04F79EFBC}") = "MordhauDess", "MordhauDess\MordhauDess.csproj", "{5D4B3DE7-CFA0-435A-9266-57B8B6B3322F}"
EndProject
Global
	GlobalSection(SolutionConfigurationPlatforms) = preSolution
		Debug|Any CPU = Debug|Any CPU
		Release|Any CPU = Release|Any CPU
	EndGlobalSection
	GlobalSection(ProjectConfigurationPlatforms) = postSolution
		{5D4B3DE7-CFA0-435A-9266-57B8B6B3322F}.Debug|Any CPU.ActiveCfg = Debug|Any CPU
		{5D4B3DE7-CFA0-435A-9266-57B8B6B3322F}.Debug|Any CPU.Build.0 = Debug|Any CPU
		{5D4B3DE7-CFA0-435A-9266-57B8B6B3322F}.Release|Any CPU.ActiveCfg = Release|Any CPU
		{5D4B3DE7-CFA0-435A-9266-57B8B6B3322F}.Release|Any CPU.Build.0 = Release|Any CPU
	EndGlobalSection
	GlobalSection(SolutionProperties) = preSolution
		HideSolutionNode = FALSE
	EndGlobalSection
	GlobalSection(ExtensibilityGlobals) = postSolution
		SolutionGuid = {FF39F450-EE7C-42EA-92F5-9148865CD2F4}
	EndGlobalSection
EndGlobal
